// !$*UTF8*$!
{
	archiveVersion = 1;
	classes = {
	};
	objectVersion = 50;
	objects = {

/* Begin PBXBuildFile section */
		520DC80825DD50A00033C7E5 /* SubStore.swift in Sources */ = {isa = PBXBuildFile; fileRef = 520DC80725DD50A00033C7E5 /* SubStore.swift */; };
		520DC80925DD50A00033C7E5 /* SubStore.swift in Sources */ = {isa = PBXBuildFile; fileRef = 520DC80725DD50A00033C7E5 /* SubStore.swift */; };
		520DC81425DD51620033C7E5 /* Sub.swift in Sources */ = {isa = PBXBuildFile; fileRef = 520DC81325DD51620033C7E5 /* Sub.swift */; };
		524D411725DD11DB00829193 /* SubscriptionsApp.swift in Sources */ = {isa = PBXBuildFile; fileRef = 524D410425DD11DA00829193 /* SubscriptionsApp.swift */; };
		524D411825DD11DB00829193 /* SubscriptionsApp.swift in Sources */ = {isa = PBXBuildFile; fileRef = 524D410425DD11DA00829193 /* SubscriptionsApp.swift */; };
		524D411925DD11DB00829193 /* SubView.swift in Sources */ = {isa = PBXBuildFile; fileRef = 524D410525DD11DA00829193 /* SubView.swift */; };
		524D411A25DD11DB00829193 /* SubView.swift in Sources */ = {isa = PBXBuildFile; fileRef = 524D410525DD11DA00829193 /* SubView.swift */; };
		524D411B25DD11DB00829193 /* Assets.xcassets in Resources */ = {isa = PBXBuildFile; fileRef = 524D410625DD11DB00829193 /* Assets.xcassets */; };
		524D411C25DD11DB00829193 /* Assets.xcassets in Resources */ = {isa = PBXBuildFile; fileRef = 524D410625DD11DB00829193 /* Assets.xcassets */; };
/* End PBXBuildFile section */

/* Begin PBXFileReference section */
		520DC80725DD50A00033C7E5 /* SubStore.swift */ = {isa = PBXFileReference; lastKnownFileType = sourcecode.swift; path = SubStore.swift; sourceTree = "<group>"; };
		520DC81325DD51620033C7E5 /* Sub.swift */ = {isa = PBXFileReference; lastKnownFileType = sourcecode.swift; path = Sub.swift; sourceTree = "<group>"; };
		524D410425DD11DA00829193 /* SubscriptionsApp.swift */ = {isa = PBXFileReference; lastKnownFileType = sourcecode.swift; path = SubscriptionsApp.swift; sourceTree = "<group>"; };
		524D410525DD11DA00829193 /* SubView.swift */ = {isa = PBXFileReference; lastKnownFileType = sourcecode.swift; path = SubView.swift; sourceTree = "<group>"; };
		524D410625DD11DB00829193 /* Assets.xcassets */ = {isa = PBXFileReference; lastKnownFileType = folder.assetcatalog; path = Assets.xcassets; sourceTree = "<group>"; };
		524D410B25DD11DB00829193 /* Subscriptions.app */ = {isa = PBXFileReference; explicitFileType = wrapper.application; includeInIndex = 0; path = Subscriptions.app; sourceTree = BUILT_PRODUCTS_DIR; };
		524D410E25DD11DB00829193 /* Info.plist */ = {isa = PBXFileReference; lastKnownFileType = text.plist.xml; path = Info.plist; sourceTree = "<group>"; };
		524D411325DD11DB00829193 /* Subscriptions.app */ = {isa = PBXFileReference; explicitFileType = wrapper.application; includeInIndex = 0; path = Subscriptions.app; sourceTree = BUILT_PRODUCTS_DIR; };
		524D411525DD11DB00829193 /* Info.plist */ = {isa = PBXFileReference; lastKnownFileType = text.plist.xml; path = Info.plist; sourceTree = "<group>"; };
		524D411625DD11DB00829193 /* macOS.entitlements */ = {isa = PBXFileReference; lastKnownFileType = text.plist.entitlements; path = macOS.entitlements; sourceTree = "<group>"; };
/* End PBXFileReference section */

/* Begin PBXFrameworksBuildPhase section */
		524D410825DD11DB00829193 /* Frameworks */ = {
			isa = PBXFrameworksBuildPhase;
			buildActionMask = 2147483647;
			files = (
			);
			runOnlyForDeploymentPostprocessing = 0;
		};
		524D411025DD11DB00829193 /* Frameworks */ = {
			isa = PBXFrameworksBuildPhase;
			buildActionMask = 2147483647;
			files = (
			);
			runOnlyForDeploymentPostprocessing = 0;
		};
/* End PBXFrameworksBuildPhase section */

/* Begin PBXGroup section */
		520DC80625DD50920033C7E5 /* Store */ = {
			isa = PBXGroup;
			children = (
				520DC80725DD50A00033C7E5 /* SubStore.swift */,
			);
			path = Store;
			sourceTree = "<group>";
		};
		520DC81225DD51570033C7E5 /* Entity */ = {
			isa = PBXGroup;
			children = (
				520DC81325DD51620033C7E5 /* Sub.swift */,
			);
			path = Entity;
			sourceTree = "<group>";
		};
		524D40FE25DD11DA00829193 = {
			isa = PBXGroup;
			children = (
				524D410325DD11DA00829193 /* Shared */,
				524D410D25DD11DB00829193 /* iOS */,
				524D411425DD11DB00829193 /* macOS */,
				524D410C25DD11DB00829193 /* Products */,
			);
			sourceTree = "<group>";
		};
		524D410325DD11DA00829193 /* Shared */ = {
			isa = PBXGroup;
			children = (
				52B6F95A25DD470E000FDB75 /* App */,
				520DC81225DD51570033C7E5 /* Entity */,
				520DC80625DD50920033C7E5 /* Store */,
				52B6F95C25DD4720000FDB75 /* View */,
				52B6F95B25DD4716000FDB75 /* Resource */,
			);
			path = Shared;
			sourceTree = "<group>";
		};
		524D410C25DD11DB00829193 /* Products */ = {
			isa = PBXGroup;
			children = (
				524D410B25DD11DB00829193 /* Subscriptions.app */,
				524D411325DD11DB00829193 /* Subscriptions.app */,
			);
			name = Products;
			sourceTree = "<group>";
		};
		524D410D25DD11DB00829193 /* iOS */ = {
			isa = PBXGroup;
			children = (
				524D410E25DD11DB00829193 /* Info.plist */,
			);
			path = iOS;
			sourceTree = "<group>";
		};
		524D411425DD11DB00829193 /* macOS */ = {
			isa = PBXGroup;
			children = (
				524D411525DD11DB00829193 /* Info.plist */,
				524D411625DD11DB00829193 /* macOS.entitlements */,
			);
			path = macOS;
			sourceTree = "<group>";
		};
		52B6F95A25DD470E000FDB75 /* App */ = {
			isa = PBXGroup;
			children = (
				524D410425DD11DA00829193 /* SubscriptionsApp.swift */,
			);
			path = App;
			sourceTree = "<group>";
		};
		52B6F95B25DD4716000FDB75 /* Resource */ = {
			isa = PBXGroup;
			children = (
				524D410625DD11DB00829193 /* Assets.xcassets */,
			);
			path = Resource;
			sourceTree = "<group>";
		};
		52B6F95C25DD4720000FDB75 /* View */ = {
			isa = PBXGroup;
			children = (
				524D410525DD11DA00829193 /* SubView.swift */,
			);
			path = View;
			sourceTree = "<group>";
		};
/* End PBXGroup section */

/* Begin PBXNativeTarget section */
		524D410A25DD11DB00829193 /* Subscriptions (iOS) */ = {
			isa = PBXNativeTarget;
			buildConfigurationList = 524D411F25DD11DB00829193 /* Build configuration list for PBXNativeTarget "Subscriptions (iOS)" */;
			buildPhases = (
				524D410725DD11DB00829193 /* Sources */,
				524D410825DD11DB00829193 /* Frameworks */,
				524D410925DD11DB00829193 /* Resources */,
			);
			buildRules = (
			);
			dependencies = (
			);
			name = "Subscriptions (iOS)";
			productName = "Subscriptions (iOS)";
			productReference = 524D410B25DD11DB00829193 /* Subscriptions.app */;
			productType = "com.apple.product-type.application";
		};
		524D411225DD11DB00829193 /* Subscriptions (macOS) */ = {
			isa = PBXNativeTarget;
			buildConfigurationList = 524D412225DD11DB00829193 /* Build configuration list for PBXNativeTarget "Subscriptions (macOS)" */;
			buildPhases = (
				524D410F25DD11DB00829193 /* Sources */,
				524D411025DD11DB00829193 /* Frameworks */,
				524D411125DD11DB00829193 /* Resources */,
			);
			buildRules = (
			);
			dependencies = (
			);
			name = "Subscriptions (macOS)";
			productName = "Subscriptions (macOS)";
			productReference = 524D411325DD11DB00829193 /* Subscriptions.app */;
			productType = "com.apple.product-type.application";
		};
/* End PBXNativeTarget section */

/* Begin PBXProject section */
		524D40FF25DD11DA00829193 /* Project object */ = {
			isa = PBXProject;
			attributes = {
				LastSwiftUpdateCheck = 1240;
				LastUpgradeCheck = 1240;
				TargetAttributes = {
					524D410A25DD11DB00829193 = {
						CreatedOnToolsVersion = 12.4;
					};
					524D411225DD11DB00829193 = {
						CreatedOnToolsVersion = 12.4;
					};
				};
			};
			buildConfigurationList = 524D410225DD11DA00829193 /* Build configuration list for PBXProject "Subscriptions" */;
			compatibilityVersion = "Xcode 9.3";
			developmentRegion = en;
			hasScannedForEncodings = 0;
			knownRegions = (
				en,
				Base,
			);
			mainGroup = 524D40FE25DD11DA00829193;
			productRefGroup = 524D410C25DD11DB00829193 /* Products */;
			projectDirPath = "";
			projectRoot = "";
			targets = (
				524D410A25DD11DB00829193 /* Subscriptions (iOS) */,
				524D411225DD11DB00829193 /* Subscriptions (macOS) */,
			);
		};
/* End PBXProject section */

/* Begin PBXResourcesBuildPhase section */
		524D410925DD11DB00829193 /* Resources */ = {
			isa = PBXResourcesBuildPhase;
			buildActionMask = 2147483647;
			files = (
				524D411B25DD11DB00829193 /* Assets.xcassets in Resources */,
			);
			runOnlyForDeploymentPostprocessing = 0;
		};
		524D411125DD11DB00829193 /* Resources */ = {
			isa = PBXResourcesBuildPhase;
			buildActionMask = 2147483647;
			files = (
				524D411C25DD11DB00829193 /* Assets.xcassets in Resources */,
			);
			runOnlyForDeploymentPostprocessing = 0;
		};
/* End PBXResourcesBuildPhase section */

/* Begin PBXSourcesBuildPhase section */
		524D410725DD11DB00829193 /* Sources */ = {
			isa = PBXSourcesBuildPhase;
			buildActionMask = 2147483647;
			files = (
				524D411925DD11DB00829193 /* SubView.swift in Sources */,
				524D411725DD11DB00829193 /* SubscriptionsApp.swift in Sources */,
				520DC81425DD51620033C7E5 /* Sub.swift in Sources */,
				520DC80825DD50A00033C7E5 /* SubStore.swift in Sources */,
			);
			runOnlyForDeploymentPostprocessing = 0;
		};
		524D410F25DD11DB00829193 /* Sources */ = {
			isa = PBXSourcesBuildPhase;
			buildActionMask = 2147483647;
			files = (
				524D411A25DD11DB00829193 /* SubView.swift in Sources */,
				524D411825DD11DB00829193 /* SubscriptionsApp.swift in Sources */,
				520DC80925DD50A00033C7E5 /* SubStore.swift in Sources */,
			);
			runOnlyForDeploymentPostprocessing = 0;
		};
/* End PBXSourcesBuildPhase section */

/* Begin XCBuildConfiguration section */
		524D411D25DD11DB00829193 /* Debug */ = {
			isa = XCBuildConfiguration;
			buildSettings = {
				ALWAYS_SEARCH_USER_PATHS = NO;
				CLANG_ANALYZER_NONNULL = YES;
				CLANG_ANALYZER_NUMBER_OBJECT_CONVERSION = YES_AGGRESSIVE;
				CLANG_CXX_LANGUAGE_STANDARD = "gnu++14";
				CLANG_CXX_LIBRARY = "libc++";
				CLANG_ENABLE_MODULES = YES;
				CLANG_ENABLE_OBJC_ARC = YES;
				CLANG_ENABLE_OBJC_WEAK = YES;
				CLANG_WARN_BLOCK_CAPTURE_AUTORELEASING = YES;
				CLANG_WARN_BOOL_CONVERSION = YES;
				CLANG_WARN_COMMA = YES;
				CLANG_WARN_CONSTANT_CONVERSION = YES;
				CLANG_WARN_DEPRECATED_OBJC_IMPLEMENTATIONS = YES;
				CLANG_WARN_DIRECT_OBJC_ISA_USAGE = YES_ERROR;
				CLANG_WARN_DOCUMENTATION_COMMENTS = YES;
				CLANG_WARN_EMPTY_BODY = YES;
				CLANG_WARN_ENUM_CONVERSION = YES;
				CLANG_WARN_INFINITE_RECURSION = YES;
				CLANG_WARN_INT_CONVERSION = YES;
				CLANG_WARN_NON_LITERAL_NULL_CONVERSION = YES;
				CLANG_WARN_OBJC_IMPLICIT_RETAIN_SELF = YES;
				CLANG_WARN_OBJC_LITERAL_CONVERSION = YES;
				CLANG_WARN_OBJC_ROOT_CLASS = YES_ERROR;
				CLANG_WARN_QUOTED_INCLUDE_IN_FRAMEWORK_HEADER = YES;
				CLANG_WARN_RANGE_LOOP_ANALYSIS = YES;
				CLANG_WARN_STRICT_PROTOTYPES = YES;
				CLANG_WARN_SUSPICIOUS_MOVE = YES;
				CLANG_WARN_UNGUARDED_AVAILABILITY = YES_AGGRESSIVE;
				CLANG_WARN_UNREACHABLE_CODE = YES;
				CLANG_WARN__DUPLICATE_METHOD_MATCH = YES;
				COPY_PHASE_STRIP = NO;
				DEBUG_INFORMATION_FORMAT = dwarf;
				ENABLE_STRICT_OBJC_MSGSEND = YES;
				ENABLE_TESTABILITY = YES;
				GCC_C_LANGUAGE_STANDARD = gnu11;
				GCC_DYNAMIC_NO_PIC = NO;
				GCC_NO_COMMON_BLOCKS = YES;
				GCC_OPTIMIZATION_LEVEL = 0;
				GCC_PREPROCESSOR_DEFINITIONS = (
					"DEBUG=1",
					"$(inherited)",
				);
				GCC_WARN_64_TO_32_BIT_CONVERSION = YES;
				GCC_WARN_ABOUT_RETURN_TYPE = YES_ERROR;
				GCC_WARN_UNDECLARED_SELECTOR = YES;
				GCC_WARN_UNINITIALIZED_AUTOS = YES_AGGRESSIVE;
				GCC_WARN_UNUSED_FUNCTION = YES;
				GCC_WARN_UNUSED_VARIABLE = YES;
				MTL_ENABLE_DEBUG_INFO = INCLUDE_SOURCE;
				MTL_FAST_MATH = YES;
				ONLY_ACTIVE_ARCH = YES;
				SWIFT_ACTIVE_COMPILATION_CONDITIONS = DEBUG;
				SWIFT_OPTIMIZATION_LEVEL = "-Onone";
			};
			name = Debug;
		};
		524D411E25DD11DB00829193 /* Release */ = {
			isa = XCBuildConfiguration;
			buildSettings = {
				ALWAYS_SEARCH_USER_PATHS = NO;
				CLANG_ANALYZER_NONNULL = YES;
				CLANG_ANALYZER_NUMBER_OBJECT_CONVERSION = YES_AGGRESSIVE;
				CLANG_CXX_LANGUAGE_STANDARD = "gnu++14";
				CLANG_CXX_LIBRARY = "libc++";
				CLANG_ENABLE_MODULES = YES;
				CLANG_ENABLE_OBJC_ARC = YES;
				CLANG_ENABLE_OBJC_WEAK = YES;
				CLANG_WARN_BLOCK_CAPTURE_AUTORELEASING = YES;
				CLANG_WARN_BOOL_CONVERSION = YES;
				CLANG_WARN_COMMA = YES;
				CLANG_WARN_CONSTANT_CONVERSION = YES;
				CLANG_WARN_DEPRECATED_OBJC_IMPLEMENTATIONS = YES;
				CLANG_WARN_DIRECT_OBJC_ISA_USAGE = YES_ERROR;
				CLANG_WARN_DOCUMENTATION_COMMENTS = YES;
				CLANG_WARN_EMPTY_BODY = YES;
				CLANG_WARN_ENUM_CONVERSION = YES;
				CLANG_WARN_INFINITE_RECURSION = YES;
				CLANG_WARN_INT_CONVERSION = YES;
				CLANG_WARN_NON_LITERAL_NULL_CONVERSION = YES;
				CLANG_WARN_OBJC_IMPLICIT_RETAIN_SELF = YES;
				CLANG_WARN_OBJC_LITERAL_CONVERSION = YES;
				CLANG_WARN_OBJC_ROOT_CLASS = YES_ERROR;
				CLANG_WARN_QUOTED_INCLUDE_IN_FRAMEWORK_HEADER = YES;
				CLANG_WARN_RANGE_LOOP_ANALYSIS = YES;
				CLANG_WARN_STRICT_PROTOTYPES = YES;
				CLANG_WARN_SUSPICIOUS_MOVE = YES;
				CLANG_WARN_UNGUARDED_AVAILABILITY = YES_AGGRESSIVE;
				CLANG_WARN_UNREACHABLE_CODE = YES;
				CLANG_WARN__DUPLICATE_METHOD_MATCH = YES;
				COPY_PHASE_STRIP = NO;
				DEBUG_INFORMATION_FORMAT = "dwarf-with-dsym";
				ENABLE_NS_ASSERTIONS = NO;
				ENABLE_STRICT_OBJC_MSGSEND = YES;
				GCC_C_LANGUAGE_STANDARD = gnu11;
				GCC_NO_COMMON_BLOCKS = YES;
				GCC_WARN_64_TO_32_BIT_CONVERSION = YES;
				GCC_WARN_ABOUT_RETURN_TYPE = YES_ERROR;
				GCC_WARN_UNDECLARED_SELECTOR = YES;
				GCC_WARN_UNINITIALIZED_AUTOS = YES_AGGRESSIVE;
				GCC_WARN_UNUSED_FUNCTION = YES;
				GCC_WARN_UNUSED_VARIABLE = YES;
				MTL_ENABLE_DEBUG_INFO = NO;
				MTL_FAST_MATH = YES;
				SWIFT_COMPILATION_MODE = wholemodule;
				SWIFT_OPTIMIZATION_LEVEL = "-O";
			};
			name = Release;
		};
		524D412025DD11DB00829193 /* Debug */ = {
			isa = XCBuildConfiguration;
			buildSettings = {
				ASSETCATALOG_COMPILER_APPICON_NAME = AppIcon;
				ASSETCATALOG_COMPILER_GLOBAL_ACCENT_COLOR_NAME = AccentColor;
				CODE_SIGN_STYLE = Automatic;
				DEVELOPMENT_TEAM = 7ERLK54RKG;
				ENABLE_PREVIEWS = YES;
				INFOPLIST_FILE = iOS/Info.plist;
				IPHONEOS_DEPLOYMENT_TARGET = 14.0;
				LD_RUNPATH_SEARCH_PATHS = (
					"$(inherited)",
					"@executable_path/Frameworks",
				);
				PRODUCT_BUNDLE_IDENTIFIER = maxime.maheo.Subscriptions;
				PRODUCT_NAME = Subscriptions;
				SDKROOT = iphoneos;
				SWIFT_VERSION = 5.0;
				TARGETED_DEVICE_FAMILY = "1,2";
			};
			name = Debug;
		};
		524D412125DD11DB00829193 /* Release */ = {
			isa = XCBuildConfiguration;
			buildSettings = {
				ASSETCATALOG_COMPILER_APPICON_NAME = AppIcon;
				ASSETCATALOG_COMPILER_GLOBAL_ACCENT_COLOR_NAME = AccentColor;
				CODE_SIGN_STYLE = Automatic;
				DEVELOPMENT_TEAM = 7ERLK54RKG;
				ENABLE_PREVIEWS = YES;
				INFOPLIST_FILE = iOS/Info.plist;
				IPHONEOS_DEPLOYMENT_TARGET = 14.0;
				LD_RUNPATH_SEARCH_PATHS = (
					"$(inherited)",
					"@executable_path/Frameworks",
				);
				PRODUCT_BUNDLE_IDENTIFIER = maxime.maheo.Subscriptions;
				PRODUCT_NAME = Subscriptions;
				SDKROOT = iphoneos;
				SWIFT_VERSION = 5.0;
				TARGETED_DEVICE_FAMILY = "1,2";
				VALIDATE_PRODUCT = YES;
			};
			name = Release;
		};
		524D412325DD11DB00829193 /* Debug */ = {
			isa = XCBuildConfiguration;
			buildSettings = {
				ASSETCATALOG_COMPILER_APPICON_NAME = AppIcon;
				ASSETCATALOG_COMPILER_GLOBAL_ACCENT_COLOR_NAME = AccentColor;
				CODE_SIGN_ENTITLEMENTS = macOS/macOS.entitlements;
				CODE_SIGN_STYLE = Automatic;
				COMBINE_HIDPI_IMAGES = YES;
				DEVELOPMENT_TEAM = 7ERLK54RKG;
				ENABLE_HARDENED_RUNTIME = YES;
				ENABLE_PREVIEWS = YES;
				INFOPLIST_FILE = macOS/Info.plist;
				LD_RUNPATH_SEARCH_PATHS = (
					"$(inherited)",
					"@executable_path/../Frameworks",
				);
				MACOSX_DEPLOYMENT_TARGET = 11.0;
				PRODUCT_BUNDLE_IDENTIFIER = maxime.maheo.Subscriptions;
				PRODUCT_NAME = Subscriptions;
				SDKROOT = macosx;
				SWIFT_VERSION = 5.0;
			};
			name = Debug;
		};
		524D412425DD11DB00829193 /* Release */ = {
			isa = XCBuildConfiguration;
			buildSettings = {
				ASSETCATALOG_COMPILER_APPICON_NAME = AppIcon;
				ASSETCATALOG_COMPILER_GLOBAL_ACCENT_COLOR_NAME = AccentColor;
				CODE_SIGN_ENTITLEMENTS = macOS/macOS.entitlements;
				CODE_SIGN_STYLE = Automatic;
				COMBINE_HIDPI_IMAGES = YES;
				DEVELOPMENT_TEAM = 7ERLK54RKG;
				ENABLE_HARDENED_RUNTIME = YES;
				ENABLE_PREVIEWS = YES;
				INFOPLIST_FILE = macOS/Info.plist;
				LD_RUNPATH_SEARCH_PATHS = (
					"$(inherited)",
					"@executable_path/../Frameworks",
				);
				MACOSX_DEPLOYMENT_TARGET = 11.0;
				PRODUCT_BUNDLE_IDENTIFIER = maxime.maheo.Subscriptions;
				PRODUCT_NAME = Subscriptions;
				SDKROOT = macosx;
				SWIFT_VERSION = 5.0;
			};
			name = Release;
		};
/* End XCBuildConfiguration section */

/* Begin XCConfigurationList section */
		524D410225DD11DA00829193 /* Build configuration list for PBXProject "Subscriptions" */ = {
			isa = XCConfigurationList;
			buildConfigurations = (
				524D411D25DD11DB00829193 /* Debug */,
				524D411E25DD11DB00829193 /* Release */,
			);
			defaultConfigurationIsVisible = 0;
			defaultConfigurationName = Release;
		};
		524D411F25DD11DB00829193 /* Build configuration list for PBXNativeTarget "Subscriptions (iOS)" */ = {
			isa = XCConfigurationList;
			buildConfigurations = (
				524D412025DD11DB00829193 /* Debug */,
				524D412125DD11DB00829193 /* Release */,
			);
			defaultConfigurationIsVisible = 0;
			defaultConfigurationName = Release;
		};
		524D412225DD11DB00829193 /* Build configuration list for PBXNativeTarget "Subscriptions (macOS)" */ = {
			isa = XCConfigurationList;
			buildConfigurations = (
				524D412325DD11DB00829193 /* Debug */,
				524D412425DD11DB00829193 /* Release */,
			);
			defaultConfigurationIsVisible = 0;
			defaultConfigurationName = Release;
		};
/* End XCConfigurationList section */
	};
	rootObject = 524D40FF25DD11DA00829193 /* Project object */;
}
